// !$*UTF8*$!
{
	archiveVersion = 1;
	classes = {
	};
	objectVersion = 56;
	objects = {

/* Begin PBXBuildFile section */
		A413E7BC2BF46FEE004AEB67 /* AppDelegate.swift in Sources */ = {isa = PBXBuildFile; fileRef = A413E7BB2BF46FEE004AEB67 /* AppDelegate.swift */; };
		A413E7BE2BF46FEE004AEB67 /* art.scnassets in Resources */ = {isa = PBXBuildFile; fileRef = A413E7BD2BF46FEE004AEB67 /* art.scnassets */; };
		A413E7C02BF46FEE004AEB67 /* ViewController.swift in Sources */ = {isa = PBXBuildFile; fileRef = A413E7BF2BF46FEE004AEB67 /* ViewController.swift */; };
		A413E7C32BF46FEE004AEB67 /* Base in Resources */ = {isa = PBXBuildFile; fileRef = A413E7C22BF46FEE004AEB67 /* Base */; };
		A413E7C52BF46FEF004AEB67 /* Assets.xcassets in Resources */ = {isa = PBXBuildFile; fileRef = A413E7C42BF46FEF004AEB67 /* Assets.xcassets */; };
		A4344CD52C03B5D100ABCCB4 /* Pixemon-Regular.ttf in Resources */ = {isa = PBXBuildFile; fileRef = A4344CD12C03B39A00ABCCB4 /* Pixemon-Regular.ttf */; };
		A44120D12BFDA39F0076E65E /* +CoachingOverlay.swift in Sources */ = {isa = PBXBuildFile; fileRef = A44120D02BFDA39F0076E65E /* +CoachingOverlay.swift */; };
		A44120D32BFDA46E0076E65E /* ThresholdPanGesture.swift in Sources */ = {isa = PBXBuildFile; fileRef = A44120D22BFDA46E0076E65E /* ThresholdPanGesture.swift */; };
		A44120D62BFDA7100076E65E /* +UIGestureRecognizer.swift in Sources */ = {isa = PBXBuildFile; fileRef = A44120D52BFDA7100076E65E /* +UIGestureRecognizer.swift */; };
		A44120DA2BFDB00B0076E65E /* +SCNNode.swift in Sources */ = {isa = PBXBuildFile; fileRef = A44120D92BFDB00B0076E65E /* +SCNNode.swift */; };
		A4961E812BFB1E8800CB74E7 /* cel.shader in Sources */ = {isa = PBXBuildFile; fileRef = A4961E802BFB1E8800CB74E7 /* cel.shader */; };
		A4A9B2A72C03EE0A00FEFDD4 /* +ARSCNViewDelegate.swift in Sources */ = {isa = PBXBuildFile; fileRef = A4A9B2A62C03EE0A00FEFDD4 /* +ARSCNViewDelegate.swift */; };
		A4A9B2A92C03FA6300FEFDD4 /* +Gestures.swift in Sources */ = {isa = PBXBuildFile; fileRef = A4A9B2A82C03FA6300FEFDD4 /* +Gestures.swift */; };
		A4A9B2AC2C03FC2E00FEFDD4 /* +GameLogic.swift in Sources */ = {isa = PBXBuildFile; fileRef = A4A9B2AB2C03FC2E00FEFDD4 /* +GameLogic.swift */; };
		A4A9B2AE2C03FD8500FEFDD4 /* GameModel.swift in Sources */ = {isa = PBXBuildFile; fileRef = A4A9B2AD2C03FD8500FEFDD4 /* GameModel.swift */; };
		A4BB5D6F2C03BA8D00058CFD /* PrintedCircuitBoard.ttf in Resources */ = {isa = PBXBuildFile; fileRef = A4BB5D6E2C03BA6400058CFD /* PrintedCircuitBoard.ttf */; };
		A4BB5D722C03BD7E00058CFD /* RedditMono-Regular.ttf in Resources */ = {isa = PBXBuildFile; fileRef = A4BB5D712C03BD7D00058CFD /* RedditMono-Regular.ttf */; };
		A4BB5D742C03DC2A00058CFD /* basis33.ttf in Resources */ = {isa = PBXBuildFile; fileRef = A4BB5D732C03DC2A00058CFD /* basis33.ttf */; };
		A4BB5D922C03E2F700058CFD /* VirtualObjectInteraction.swift in Sources */ = {isa = PBXBuildFile; fileRef = A4BB5D912C03E2F700058CFD /* VirtualObjectInteraction.swift */; };
		A4BB5D992C03E59000058CFD /* +ARSCNView.swift in Sources */ = {isa = PBXBuildFile; fileRef = A4BB5D982C03E59000058CFD /* +ARSCNView.swift */; };
		A4BB5D9C2C03E7FD00058CFD /* +Shaders.swift in Sources */ = {isa = PBXBuildFile; fileRef = A4BB5D9B2C03E7FD00058CFD /* +Shaders.swift */; };
		A4C032F02BFC4A560083D271 /* Localizable.xcstrings in Resources */ = {isa = PBXBuildFile; fileRef = A4C032EF2BFC4A560083D271 /* Localizable.xcstrings */; };
/* End PBXBuildFile section */

/* Begin PBXFileReference section */
		A413E7B82BF46FEE004AEB67 /* nano2-sk.app */ = {isa = PBXFileReference; explicitFileType = wrapper.application; includeInIndex = 0; path = "nano2-sk.app"; sourceTree = BUILT_PRODUCTS_DIR; };
		A413E7BB2BF46FEE004AEB67 /* AppDelegate.swift */ = {isa = PBXFileReference; lastKnownFileType = sourcecode.swift; path = AppDelegate.swift; sourceTree = "<group>"; };
		A413E7BD2BF46FEE004AEB67 /* art.scnassets */ = {isa = PBXFileReference; lastKnownFileType = wrapper.scnassets; path = art.scnassets; sourceTree = "<group>"; };
		A413E7BF2BF46FEE004AEB67 /* ViewController.swift */ = {isa = PBXFileReference; lastKnownFileType = sourcecode.swift; path = ViewController.swift; sourceTree = "<group>"; };
		A413E7C22BF46FEE004AEB67 /* Base */ = {isa = PBXFileReference; lastKnownFileType = file.storyboard; name = Base; path = Base.lproj/Main.storyboard; sourceTree = "<group>"; };
		A413E7C42BF46FEF004AEB67 /* Assets.xcassets */ = {isa = PBXFileReference; lastKnownFileType = folder.assetcatalog; path = Assets.xcassets; sourceTree = "<group>"; };
		A4344CD12C03B39A00ABCCB4 /* Pixemon-Regular.ttf */ = {isa = PBXFileReference; lastKnownFileType = file; path = "Pixemon-Regular.ttf"; sourceTree = "<group>"; };
		A4344CD32C03B3B900ABCCB4 /* Info.plist */ = {isa = PBXFileReference; lastKnownFileType = text.plist.xml; path = Info.plist; sourceTree = "<group>"; };
		A44120D02BFDA39F0076E65E /* +CoachingOverlay.swift */ = {isa = PBXFileReference; lastKnownFileType = sourcecode.swift; path = "+CoachingOverlay.swift"; sourceTree = "<group>"; };
		A44120D22BFDA46E0076E65E /* ThresholdPanGesture.swift */ = {isa = PBXFileReference; lastKnownFileType = sourcecode.swift; path = ThresholdPanGesture.swift; sourceTree = "<group>"; };
		A44120D52BFDA7100076E65E /* +UIGestureRecognizer.swift */ = {isa = PBXFileReference; lastKnownFileType = sourcecode.swift; path = "+UIGestureRecognizer.swift"; sourceTree = "<group>"; };
		A44120D92BFDB00B0076E65E /* +SCNNode.swift */ = {isa = PBXFileReference; lastKnownFileType = sourcecode.swift; path = "+SCNNode.swift"; sourceTree = "<group>"; };
		A4961E802BFB1E8800CB74E7 /* cel.shader */ = {isa = PBXFileReference; lastKnownFileType = text; path = cel.shader; sourceTree = "<group>"; };
		A4A9B2A62C03EE0A00FEFDD4 /* +ARSCNViewDelegate.swift */ = {isa = PBXFileReference; lastKnownFileType = sourcecode.swift; path = "+ARSCNViewDelegate.swift"; sourceTree = "<group>"; };
		A4A9B2A82C03FA6300FEFDD4 /* +Gestures.swift */ = {isa = PBXFileReference; lastKnownFileType = sourcecode.swift; path = "+Gestures.swift"; sourceTree = "<group>"; };
		A4A9B2AB2C03FC2E00FEFDD4 /* +GameLogic.swift */ = {isa = PBXFileReference; lastKnownFileType = sourcecode.swift; path = "+GameLogic.swift"; sourceTree = "<group>"; };
		A4A9B2AD2C03FD8500FEFDD4 /* GameModel.swift */ = {isa = PBXFileReference; lastKnownFileType = sourcecode.swift; path = GameModel.swift; sourceTree = "<group>"; };
		A4BB5D6E2C03BA6400058CFD /* PrintedCircuitBoard.ttf */ = {isa = PBXFileReference; lastKnownFileType = file; path = PrintedCircuitBoard.ttf; sourceTree = "<group>"; };
		A4BB5D712C03BD7D00058CFD /* RedditMono-Regular.ttf */ = {isa = PBXFileReference; lastKnownFileType = file; path = "RedditMono-Regular.ttf"; sourceTree = "<group>"; };
		A4BB5D732C03DC2A00058CFD /* basis33.ttf */ = {isa = PBXFileReference; lastKnownFileType = file; path = basis33.ttf; sourceTree = "<group>"; };
		A4BB5D912C03E2F700058CFD /* VirtualObjectInteraction.swift */ = {isa = PBXFileReference; lastKnownFileType = sourcecode.swift; path = VirtualObjectInteraction.swift; sourceTree = "<group>"; };
		A4BB5D982C03E59000058CFD /* +ARSCNView.swift */ = {isa = PBXFileReference; lastKnownFileType = sourcecode.swift; path = "+ARSCNView.swift"; sourceTree = "<group>"; };
		A4BB5D9B2C03E7FD00058CFD /* +Shaders.swift */ = {isa = PBXFileReference; lastKnownFileType = sourcecode.swift; path = "+Shaders.swift"; sourceTree = "<group>"; };
		A4C032EF2BFC4A560083D271 /* Localizable.xcstrings */ = {isa = PBXFileReference; lastKnownFileType = text.json.xcstrings; path = Localizable.xcstrings; sourceTree = "<group>"; };
/* End PBXFileReference section */

/* Begin PBXFrameworksBuildPhase section */
		A413E7B52BF46FEE004AEB67 /* Frameworks */ = {
			isa = PBXFrameworksBuildPhase;
			buildActionMask = 2147483647;
			files = (
			);
			runOnlyForDeploymentPostprocessing = 0;
		};
/* End PBXFrameworksBuildPhase section */

/* Begin PBXGroup section */
		A413E7AF2BF46FEE004AEB67 = {
			isa = PBXGroup;
			children = (
				A4C032EF2BFC4A560083D271 /* Localizable.xcstrings */,
				A413E7BA2BF46FEE004AEB67 /* nano2-sk */,
				A413E7B92BF46FEE004AEB67 /* Products */,
			);
			sourceTree = "<group>";
		};
		A413E7B92BF46FEE004AEB67 /* Products */ = {
			isa = PBXGroup;
			children = (
				A413E7B82BF46FEE004AEB67 /* nano2-sk.app */,
			);
			name = Products;
			sourceTree = "<group>";
		};
		A413E7BA2BF46FEE004AEB67 /* nano2-sk */ = {
			isa = PBXGroup;
			children = (
				A4A9B2AA2C03FA8500FEFDD4 /* Game */,
				A4344CD32C03B3B900ABCCB4 /* Info.plist */,
				A4BB5D932C03E34200058CFD /* AR */,
				A4BB5D702C03BAE100058CFD /* Resources */,
				A44120D42BFDA4AF0076E65E /* Gestures */,
				A44120CF2BFDA38B0076E65E /* Extensions */,
				A4961E7F2BFB1E7100CB74E7 /* Shaders */,
				A413E7BB2BF46FEE004AEB67 /* AppDelegate.swift */,
				A413E7C12BF46FEE004AEB67 /* Main.storyboard */,
				A413E7BF2BF46FEE004AEB67 /* ViewController.swift */,
				A413E7C42BF46FEF004AEB67 /* Assets.xcassets */,
				A413E7BD2BF46FEE004AEB67 /* art.scnassets */,
			);
			path = "nano2-sk";
			sourceTree = "<group>";
		};
		A4344CD02C03B34000ABCCB4 /* Fonts */ = {
			isa = PBXGroup;
			children = (
				A4BB5D732C03DC2A00058CFD /* basis33.ttf */,
				A4BB5D712C03BD7D00058CFD /* RedditMono-Regular.ttf */,
				A4BB5D6E2C03BA6400058CFD /* PrintedCircuitBoard.ttf */,
				A4344CD12C03B39A00ABCCB4 /* Pixemon-Regular.ttf */,
			);
			path = Fonts;
			sourceTree = "<group>";
		};
		A44120CF2BFDA38B0076E65E /* Extensions */ = {
			isa = PBXGroup;
			children = (
				A44120D72BFDAF480076E65E /* +ViewController */,
				A44120D52BFDA7100076E65E /* +UIGestureRecognizer.swift */,
				A44120D92BFDB00B0076E65E /* +SCNNode.swift */,
				A4BB5D982C03E59000058CFD /* +ARSCNView.swift */,
			);
			path = Extensions;
			sourceTree = "<group>";
		};
		A44120D42BFDA4AF0076E65E /* Gestures */ = {
			isa = PBXGroup;
			children = (
				A44120D22BFDA46E0076E65E /* ThresholdPanGesture.swift */,
			);
			path = Gestures;
			sourceTree = "<group>";
		};
		A44120D72BFDAF480076E65E /* +ViewController */ = {
			isa = PBXGroup;
			children = (
				A44120D02BFDA39F0076E65E /* +CoachingOverlay.swift */,
				A4BB5D9B2C03E7FD00058CFD /* +Shaders.swift */,
				A4A9B2A62C03EE0A00FEFDD4 /* +ARSCNViewDelegate.swift */,
				A4A9B2A82C03FA6300FEFDD4 /* +Gestures.swift */,
			);
			path = "+ViewController";
			sourceTree = "<group>";
		};
		A4961E7F2BFB1E7100CB74E7 /* Shaders */ = {
			isa = PBXGroup;
			children = (
				A4961E802BFB1E8800CB74E7 /* cel.shader */,
			);
			path = Shaders;
			sourceTree = "<group>";
		};
		A4A9B2AA2C03FA8500FEFDD4 /* Game */ = {
			isa = PBXGroup;
			children = (
				A4A9B2AB2C03FC2E00FEFDD4 /* +GameLogic.swift */,
				A4A9B2AD2C03FD8500FEFDD4 /* GameModel.swift */,
			);
			path = Game;
			sourceTree = "<group>";
		};
		A4BB5D702C03BAE100058CFD /* Resources */ = {
			isa = PBXGroup;
			children = (
				A4344CD02C03B34000ABCCB4 /* Fonts */,
			);
			path = Resources;
			sourceTree = "<group>";
		};
		A4BB5D932C03E34200058CFD /* AR */ = {
			isa = PBXGroup;
			children = (
				A4BB5D912C03E2F700058CFD /* VirtualObjectInteraction.swift */,
			);
			path = AR;
			sourceTree = "<group>";
		};
/* End PBXGroup section */

/* Begin PBXNativeTarget section */
		A413E7B72BF46FEE004AEB67 /* nano2-sk */ = {
			isa = PBXNativeTarget;
			buildConfigurationList = A413E7C82BF46FEF004AEB67 /* Build configuration list for PBXNativeTarget "nano2-sk" */;
			buildPhases = (
				A413E7B42BF46FEE004AEB67 /* Sources */,
				A413E7B52BF46FEE004AEB67 /* Frameworks */,
				A413E7B62BF46FEE004AEB67 /* Resources */,
			);
			buildRules = (
			);
			dependencies = (
			);
			name = "nano2-sk";
			productName = "nano2-sk";
			productReference = A413E7B82BF46FEE004AEB67 /* nano2-sk.app */;
			productType = "com.apple.product-type.application";
		};
/* End PBXNativeTarget section */

/* Begin PBXProject section */
		A413E7B02BF46FEE004AEB67 /* Project object */ = {
			isa = PBXProject;
			attributes = {
				BuildIndependentTargetsInParallel = 1;
				LastSwiftUpdateCheck = 1540;
				LastUpgradeCheck = 1540;
				TargetAttributes = {
					A413E7B72BF46FEE004AEB67 = {
						CreatedOnToolsVersion = 15.4;
					};
				};
			};
			buildConfigurationList = A413E7B32BF46FEE004AEB67 /* Build configuration list for PBXProject "nano2-sk" */;
			compatibilityVersion = "Xcode 14.0";
			developmentRegion = en;
			hasScannedForEncodings = 0;
			knownRegions = (
				en,
				Base,
				ja,
			);
			mainGroup = A413E7AF2BF46FEE004AEB67;
			productRefGroup = A413E7B92BF46FEE004AEB67 /* Products */;
			projectDirPath = "";
			projectRoot = "";
			targets = (
				A413E7B72BF46FEE004AEB67 /* nano2-sk */,
			);
		};
/* End PBXProject section */

/* Begin PBXResourcesBuildPhase section */
		A413E7B62BF46FEE004AEB67 /* Resources */ = {
			isa = PBXResourcesBuildPhase;
			buildActionMask = 2147483647;
			files = (
				A4BB5D722C03BD7E00058CFD /* RedditMono-Regular.ttf in Resources */,
				A4BB5D6F2C03BA8D00058CFD /* PrintedCircuitBoard.ttf in Resources */,
				A413E7BE2BF46FEE004AEB67 /* art.scnassets in Resources */,
				A413E7C52BF46FEF004AEB67 /* Assets.xcassets in Resources */,
				A4C032F02BFC4A560083D271 /* Localizable.xcstrings in Resources */,
				A413E7C32BF46FEE004AEB67 /* Base in Resources */,
				A4344CD52C03B5D100ABCCB4 /* Pixemon-Regular.ttf in Resources */,
				A4BB5D742C03DC2A00058CFD /* basis33.ttf in Resources */,
			);
			runOnlyForDeploymentPostprocessing = 0;
		};
/* End PBXResourcesBuildPhase section */

/* Begin PBXSourcesBuildPhase section */
		A413E7B42BF46FEE004AEB67 /* Sources */ = {
			isa = PBXSourcesBuildPhase;
			buildActionMask = 2147483647;
			files = (
				A413E7C02BF46FEE004AEB67 /* ViewController.swift in Sources */,
				A4A9B2A72C03EE0A00FEFDD4 /* +ARSCNViewDelegate.swift in Sources */,
				A44120D62BFDA7100076E65E /* +UIGestureRecognizer.swift in Sources */,
				A44120DA2BFDB00B0076E65E /* +SCNNode.swift in Sources */,
				A4BB5D9C2C03E7FD00058CFD /* +Shaders.swift in Sources */,
				A4A9B2AE2C03FD8500FEFDD4 /* GameModel.swift in Sources */,
				A413E7BC2BF46FEE004AEB67 /* AppDelegate.swift in Sources */,
				A4A9B2AC2C03FC2E00FEFDD4 /* +GameLogic.swift in Sources */,
				A4961E812BFB1E8800CB74E7 /* cel.shader in Sources */,
				A4A9B2A92C03FA6300FEFDD4 /* +Gestures.swift in Sources */,
				A44120D12BFDA39F0076E65E /* +CoachingOverlay.swift in Sources */,
				A44120D32BFDA46E0076E65E /* ThresholdPanGesture.swift in Sources */,
				A4BB5D922C03E2F700058CFD /* VirtualObjectInteraction.swift in Sources */,
				A4BB5D992C03E59000058CFD /* +ARSCNView.swift in Sources */,
			);
			runOnlyForDeploymentPostprocessing = 0;
		};
/* End PBXSourcesBuildPhase section */

/* Begin PBXVariantGroup section */
		A413E7C12BF46FEE004AEB67 /* Main.storyboard */ = {
			isa = PBXVariantGroup;
			children = (
				A413E7C22BF46FEE004AEB67 /* Base */,
			);
			name = Main.storyboard;
			sourceTree = "<group>";
		};
/* End PBXVariantGroup section */

/* Begin XCBuildConfiguration section */
		A413E7C62BF46FEF004AEB67 /* Debug */ = {
			isa = XCBuildConfiguration;
			buildSettings = {
				ALWAYS_SEARCH_USER_PATHS = NO;
				ASSETCATALOG_COMPILER_GENERATE_SWIFT_ASSET_SYMBOL_EXTENSIONS = YES;
				CLANG_ANALYZER_NONNULL = YES;
				CLANG_ANALYZER_NUMBER_OBJECT_CONVERSION = YES_AGGRESSIVE;
				CLANG_CXX_LANGUAGE_STANDARD = "gnu++20";
				CLANG_ENABLE_MODULES = YES;
				CLANG_ENABLE_OBJC_ARC = YES;
				CLANG_ENABLE_OBJC_WEAK = YES;
				CLANG_WARN_BLOCK_CAPTURE_AUTORELEASING = YES;
				CLANG_WARN_BOOL_CONVERSION = YES;
				CLANG_WARN_COMMA = YES;
				CLANG_WARN_CONSTANT_CONVERSION = YES;
				CLANG_WARN_DEPRECATED_OBJC_IMPLEMENTATIONS = YES;
				CLANG_WARN_DIRECT_OBJC_ISA_USAGE = YES_ERROR;
				CLANG_WARN_DOCUMENTATION_COMMENTS = YES;
				CLANG_WARN_EMPTY_BODY = YES;
				CLANG_WARN_ENUM_CONVERSION = YES;
				CLANG_WARN_INFINITE_RECURSION = YES;
				CLANG_WARN_INT_CONVERSION = YES;
				CLANG_WARN_NON_LITERAL_NULL_CONVERSION = YES;
				CLANG_WARN_OBJC_IMPLICIT_RETAIN_SELF = YES;
				CLANG_WARN_OBJC_LITERAL_CONVERSION = YES;
				CLANG_WARN_OBJC_ROOT_CLASS = YES_ERROR;
				CLANG_WARN_QUOTED_INCLUDE_IN_FRAMEWORK_HEADER = YES;
				CLANG_WARN_RANGE_LOOP_ANALYSIS = YES;
				CLANG_WARN_STRICT_PROTOTYPES = YES;
				CLANG_WARN_SUSPICIOUS_MOVE = YES;
				CLANG_WARN_UNGUARDED_AVAILABILITY = YES_AGGRESSIVE;
				CLANG_WARN_UNREACHABLE_CODE = YES;
				CLANG_WARN__DUPLICATE_METHOD_MATCH = YES;
				COPY_PHASE_STRIP = NO;
				DEBUG_INFORMATION_FORMAT = dwarf;
				ENABLE_STRICT_OBJC_MSGSEND = YES;
				ENABLE_TESTABILITY = YES;
				ENABLE_USER_SCRIPT_SANDBOXING = YES;
				GCC_C_LANGUAGE_STANDARD = gnu17;
				GCC_DYNAMIC_NO_PIC = NO;
				GCC_NO_COMMON_BLOCKS = YES;
				GCC_OPTIMIZATION_LEVEL = 0;
				GCC_PREPROCESSOR_DEFINITIONS = (
					"DEBUG=1",
					"$(inherited)",
				);
				GCC_WARN_64_TO_32_BIT_CONVERSION = YES;
				GCC_WARN_ABOUT_RETURN_TYPE = YES_ERROR;
				GCC_WARN_UNDECLARED_SELECTOR = YES;
				GCC_WARN_UNINITIALIZED_AUTOS = YES_AGGRESSIVE;
				GCC_WARN_UNUSED_FUNCTION = YES;
				GCC_WARN_UNUSED_VARIABLE = YES;
				IPHONEOS_DEPLOYMENT_TARGET = 17.5;
				LOCALIZATION_PREFERS_STRING_CATALOGS = YES;
				MTL_ENABLE_DEBUG_INFO = INCLUDE_SOURCE;
				MTL_FAST_MATH = YES;
				ONLY_ACTIVE_ARCH = YES;
				SDKROOT = iphoneos;
				SWIFT_ACTIVE_COMPILATION_CONDITIONS = "DEBUG $(inherited)";
				SWIFT_OPTIMIZATION_LEVEL = "-Onone";
			};
			name = Debug;
		};
		A413E7C72BF46FEF004AEB67 /* Release */ = {
			isa = XCBuildConfiguration;
			buildSettings = {
				ALWAYS_SEARCH_USER_PATHS = NO;
				ASSETCATALOG_COMPILER_GENERATE_SWIFT_ASSET_SYMBOL_EXTENSIONS = YES;
				CLANG_ANALYZER_NONNULL = YES;
				CLANG_ANALYZER_NUMBER_OBJECT_CONVERSION = YES_AGGRESSIVE;
				CLANG_CXX_LANGUAGE_STANDARD = "gnu++20";
				CLANG_ENABLE_MODULES = YES;
				CLANG_ENABLE_OBJC_ARC = YES;
				CLANG_ENABLE_OBJC_WEAK = YES;
				CLANG_WARN_BLOCK_CAPTURE_AUTORELEASING = YES;
				CLANG_WARN_BOOL_CONVERSION = YES;
				CLANG_WARN_COMMA = YES;
				CLANG_WARN_CONSTANT_CONVERSION = YES;
				CLANG_WARN_DEPRECATED_OBJC_IMPLEMENTATIONS = YES;
				CLANG_WARN_DIRECT_OBJC_ISA_USAGE = YES_ERROR;
				CLANG_WARN_DOCUMENTATION_COMMENTS = YES;
				CLANG_WARN_EMPTY_BODY = YES;
				CLANG_WARN_ENUM_CONVERSION = YES;
				CLANG_WARN_INFINITE_RECURSION = YES;
				CLANG_WARN_INT_CONVERSION = YES;
				CLANG_WARN_NON_LITERAL_NULL_CONVERSION = YES;
				CLANG_WARN_OBJC_IMPLICIT_RETAIN_SELF = YES;
				CLANG_WARN_OBJC_LITERAL_CONVERSION = YES;
				CLANG_WARN_OBJC_ROOT_CLASS = YES_ERROR;
				CLANG_WARN_QUOTED_INCLUDE_IN_FRAMEWORK_HEADER = YES;
				CLANG_WARN_RANGE_LOOP_ANALYSIS = YES;
				CLANG_WARN_STRICT_PROTOTYPES = YES;
				CLANG_WARN_SUSPICIOUS_MOVE = YES;
				CLANG_WARN_UNGUARDED_AVAILABILITY = YES_AGGRESSIVE;
				CLANG_WARN_UNREACHABLE_CODE = YES;
				CLANG_WARN__DUPLICATE_METHOD_MATCH = YES;
				COPY_PHASE_STRIP = NO;
				DEBUG_INFORMATION_FORMAT = "dwarf-with-dsym";
				ENABLE_NS_ASSERTIONS = NO;
				ENABLE_STRICT_OBJC_MSGSEND = YES;
				ENABLE_USER_SCRIPT_SANDBOXING = YES;
				GCC_C_LANGUAGE_STANDARD = gnu17;
				GCC_NO_COMMON_BLOCKS = YES;
				GCC_WARN_64_TO_32_BIT_CONVERSION = YES;
				GCC_WARN_ABOUT_RETURN_TYPE = YES_ERROR;
				GCC_WARN_UNDECLARED_SELECTOR = YES;
				GCC_WARN_UNINITIALIZED_AUTOS = YES_AGGRESSIVE;
				GCC_WARN_UNUSED_FUNCTION = YES;
				GCC_WARN_UNUSED_VARIABLE = YES;
				IPHONEOS_DEPLOYMENT_TARGET = 17.5;
				LOCALIZATION_PREFERS_STRING_CATALOGS = YES;
				MTL_ENABLE_DEBUG_INFO = NO;
				MTL_FAST_MATH = YES;
				SDKROOT = iphoneos;
				SWIFT_COMPILATION_MODE = wholemodule;
				VALIDATE_PRODUCT = YES;
			};
			name = Release;
		};
		A413E7C92BF46FEF004AEB67 /* Debug */ = {
			isa = XCBuildConfiguration;
			buildSettings = {
				ASSETCATALOG_COMPILER_APPICON_NAME = AppIcon;
				ASSETCATALOG_COMPILER_GLOBAL_ACCENT_COLOR_NAME = AccentColor;
				CODE_SIGN_STYLE = Automatic;
				CURRENT_PROJECT_VERSION = 1;
				DEVELOPMENT_TEAM = YTWBVW7W5F;
				GENERATE_INFOPLIST_FILE = YES;
				INFOPLIST_FILE = "nano2-sk/Info.plist";
				INFOPLIST_KEY_NSCameraUsageDescription = "";
				INFOPLIST_KEY_UIApplicationSupportsIndirectInputEvents = YES;
				INFOPLIST_KEY_UIMainStoryboardFile = Main;
				INFOPLIST_KEY_UIRequiredDeviceCapabilities = arkit;
				INFOPLIST_KEY_UIStatusBarHidden = YES;
				INFOPLIST_KEY_UISupportedInterfaceOrientations_iPad = "UIInterfaceOrientationPortrait UIInterfaceOrientationPortraitUpsideDown UIInterfaceOrientationLandscapeLeft UIInterfaceOrientationLandscapeRight";
				INFOPLIST_KEY_UISupportedInterfaceOrientations_iPhone = "UIInterfaceOrientationPortrait UIInterfaceOrientationLandscapeLeft UIInterfaceOrientationLandscapeRight";
				LD_RUNPATH_SEARCH_PATHS = (
					"$(inherited)",
					"@executable_path/Frameworks",
				);
				MARKETING_VERSION = 1.0;
				PRODUCT_BUNDLE_IDENTIFIER = "altnafi.nano2-sk";
				PRODUCT_NAME = "$(TARGET_NAME)";
				SWIFT_EMIT_LOC_STRINGS = YES;
				SWIFT_VERSION = 5.0;
				TARGETED_DEVICE_FAMILY = "1,2";
			};
			name = Debug;
		};
		A413E7CA2BF46FEF004AEB67 /* Release */ = {
			isa = XCBuildConfiguration;
			buildSettings = {
				ASSETCATALOG_COMPILER_APPICON_NAME = AppIcon;
				ASSETCATALOG_COMPILER_GLOBAL_ACCENT_COLOR_NAME = AccentColor;
				CODE_SIGN_STYLE = Automatic;
				CURRENT_PROJECT_VERSION = 1;
				DEVELOPMENT_TEAM = YTWBVW7W5F;
				GENERATE_INFOPLIST_FILE = YES;
				INFOPLIST_FILE = "nano2-sk/Info.plist";
				INFOPLIST_KEY_NSCameraUsageDescription = "";
				INFOPLIST_KEY_UIApplicationSupportsIndirectInputEvents = YES;
				INFOPLIST_KEY_UIMainStoryboardFile = Main;
				INFOPLIST_KEY_UIRequiredDeviceCapabilities = arkit;
				INFOPLIST_KEY_UIStatusBarHidden = YES;
				INFOPLIST_KEY_UISupportedInterfaceOrientations_iPad = "UIInterfaceOrientationPortrait UIInterfaceOrientationPortraitUpsideDown UIInterfaceOrientationLandscapeLeft UIInterfaceOrientationLandscapeRight";
				INFOPLIST_KEY_UISupportedInterfaceOrientations_iPhone = "UIInterfaceOrientationPortrait UIInterfaceOrientationLandscapeLeft UIInterfaceOrientationLandscapeRight";
				LD_RUNPATH_SEARCH_PATHS = (
					"$(inherited)",
					"@executable_path/Frameworks",
				);
				MARKETING_VERSION = 1.0;
				PRODUCT_BUNDLE_IDENTIFIER = "altnafi.nano2-sk";
				PRODUCT_NAME = "$(TARGET_NAME)";
				SWIFT_EMIT_LOC_STRINGS = YES;
				SWIFT_VERSION = 5.0;
				TARGETED_DEVICE_FAMILY = "1,2";
			};
			name = Release;
		};
/* End XCBuildConfiguration section */

/* Begin XCConfigurationList section */
		A413E7B32BF46FEE004AEB67 /* Build configuration list for PBXProject "nano2-sk" */ = {
			isa = XCConfigurationList;
			buildConfigurations = (
				A413E7C62BF46FEF004AEB67 /* Debug */,
				A413E7C72BF46FEF004AEB67 /* Release */,
			);
			defaultConfigurationIsVisible = 0;
			defaultConfigurationName = Release;
		};
		A413E7C82BF46FEF004AEB67 /* Build configuration list for PBXNativeTarget "nano2-sk" */ = {
			isa = XCConfigurationList;
			buildConfigurations = (
				A413E7C92BF46FEF004AEB67 /* Debug */,
				A413E7CA2BF46FEF004AEB67 /* Release */,
			);
			defaultConfigurationIsVisible = 0;
			defaultConfigurationName = Release;
		};
/* End XCConfigurationList section */
	};
	rootObject = A413E7B02BF46FEE004AEB67 /* Project object */;
}
